{
  "name": "example-app",
  "version": "1.0.0",
  "lockfileVersion": 2,
  "requires": true,
  "packages": {
    "": {
      "name": "example-app",
      "version": "1.0.0",
      "license": "ISC",
      "dependencies": {
        "html-format": "^1.0.1",
        "ingsoc-js": "file:../ingsoc-js"
      }
    },
    "../ingsoc-js": {
      "name": "reactivelib",
      "version": "1.0.0",
      "license": "ISC",
      "dependencies": {
        "cheerio": "^1.0.0-rc.10",
        "clone-deep": "^4.0.1",
        "commander": "^8.3.0",
        "concat-stream": "^2.0.0",
        "css": "^3.0.0",
        "esbuild": "^0.14.7",
        "glob": "^7.2.0",
        "hyperquest": "^2.1.3",
        "is-url": "^1.2.4",
        "node-static": "^0.7.11"
      },
      "bin": {
        "ingsoc": "index.js"
      }
    },
    "node_modules/html-format": {
      "version": "1.0.1",
      "resolved": "https://registry.npmjs.org/html-format/-/html-format-1.0.1.tgz",
      "integrity": "sha512-ePp+h+akaQiLeCGPefWQ4QJXVXhWx4sU4ZxJVFlaY0AeVgh/tnHGTL27ao09JrdEEelXYMAWi4ynKKheck4tdw=="
    },
    "node_modules/ingsoc-js": {
      "resolved": "../ingsoc-js",
      "link": true
    }
  },
  "dependencies": {
    "html-format": {
      "version": "1.0.1",
      "resolved": "https://registry.npmjs.org/html-format/-/html-format-1.0.1.tgz",
      "integrity": "sha512-ePp+h+akaQiLeCGPefWQ4QJXVXhWx4sU4ZxJVFlaY0AeVgh/tnHGTL27ao09JrdEEelXYMAWi4ynKKheck4tdw=="
    },
    "ingsoc-js": {
      "version": "file:../ingsoc-js",
      "requires": {
        "cheerio": "^1.0.0-rc.10",
        "clone-deep": "^4.0.1",
        "commander": "^8.3.0",
        "concat-stream": "^2.0.0",
        "css": "^3.0.0",
        "esbuild": "^0.14.7",
        "glob": "^7.2.0",
        "hyperquest": "^2.1.3",
        "is-url": "^1.2.4",
        "node-static": "^0.7.11"
      }
    }
  }
}
