{
  "name": "example-app",
  "version": "1.0.0",
  "lockfileVersion": 2,
  "requires": true,
  "packages": {
    "": {
      "name": "example-app",
      "version": "1.0.0",
      "license": "ISC",
      "dependencies": {
        "ingsoc-js": "file:../ingsoc-js"
      }
    },
    "../ingsoc-js": {
      "name": "reactivelib",
      "version": "1.0.0",
      "license": "ISC",
      "dependencies": {
        "cheerio": "^1.0.0-rc.10",
        "clone-deep": "^4.0.1",
        "commander": "^8.3.0",
        "esbuild": "^0.14.7",
        "glob": "^7.2.0",
        "node-static": "^0.7.11"
      },
      "bin": {
        "ingsoc": "index.js"
      }
    },
    "node_modules/ingsoc-js": {
      "resolved": "../ingsoc-js",
      "link": true
    }
  },
  "dependencies": {
    "ingsoc-js": {
      "version": "file:../ingsoc-js",
      "requires": {
        "cheerio": "^1.0.0-rc.10",
        "clone-deep": "^4.0.1",
        "commander": "^8.3.0",
        "esbuild": "^0.14.7",
        "glob": "^7.2.0",
        "node-static": "^0.7.11"
      }
    }
  }
}
